# THIS IS AN AUTOGENERATED FILE. DO NOT EDIT THIS FILE DIRECTLY.
# yarn lockfile v1


blaze-css@^1.8.5:
  version "1.8.5"
  resolved "https://registry.yarnpkg.com/blaze-css/-/blaze-css-1.8.5.tgz#c22ecc7457d9a6fae066ca30389bbf5c0184d254"
  integrity sha512-1VmUFZrKyTztuTKezAm1g7B9H12RZcw5FWrA+/qWV5//8wZuZnUYcDcUQUvbVAuargsv1P5X6W3uz+JWYyFEJw==
